
Microsoft Visual Studio Solution File, Format Version 12.00
# Visual Studio Version 17
VisualStudioVersion = 17.3.32825.248
MinimumVisualStudioVersion = 10.0.40219.1
Project("{FAE04EC0-301F-11D3-BF4B-00C04F79EFBC}") = "DİCTİONARY", "DİCTİONARY\DİCTİONARY.csproj", "{A452468D-143C-4CD9-8CFB-E9E880BA0BD7}"
EndProject
Global
	GlobalSection(SolutionConfigurationPlatforms) = preSolution
		Debug|Any CPU = Debug|Any CPU
		Release|Any CPU = Release|Any CPU
	EndGlobalSection
	GlobalSection(ProjectConfigurationPlatforms) = postSolution
		{A452468D-143C-4CD9-8CFB-E9E880BA0BD7}.Debug|Any CPU.ActiveCfg = Debug|Any CPU
		{A452468D-143C-4CD9-8CFB-E9E880BA0BD7}.Debug|Any CPU.Build.0 = Debug|Any CPU
		{A452468D-143C-4CD9-8CFB-E9E880BA0BD7}.Release|Any CPU.ActiveCfg = Release|Any CPU
		{A452468D-143C-4CD9-8CFB-E9E880BA0BD7}.Release|Any CPU.Build.0 = Release|Any CPU
	EndGlobalSection
	GlobalSection(SolutionProperties) = preSolution
		HideSolutionNode = FALSE
	EndGlobalSection
	GlobalSection(ExtensibilityGlobals) = postSolution
		SolutionGuid = {90DF6269-F4B4-4384-BC83-4076300CEA2F}
	EndGlobalSection
EndGlobal
